
Microsoft Visual Studio Solution File, Format Version 12.00
# Visual Studio 15
VisualStudioVersion = 15.0.27703.2026
MinimumVisualStudioVersion = 10.0.40219.1
Project("{FAE04EC0-301F-11D3-BF4B-00C04F79EFBC}") = "RecomendedHotelsNotificatorService", "RecomendedHotelsNotificatorService\RecomendedHotelsNotificatorService.csproj", "{757AFF3D-6F57-47C8-8C2F-6D26983FFD83}"
EndProject
Project("{FAE04EC0-301F-11D3-BF4B-00C04F79EFBC}") = "Domain", "Domain\Domain.csproj", "{FBA4E030-292B-4D28-8E37-B98063D1D022}"
EndProject
Project("{FAE04EC0-301F-11D3-BF4B-00C04F79EFBC}") = "PracticaSmyroomsTest", "PracticaSmyroomsTest\PracticaSmyroomsTest.csproj", "{3D6ADFAE-6B75-4928-8F4A-93FD761A3CC8}"
EndProject
Project("{FAE04EC0-301F-11D3-BF4B-00C04F79EFBC}") = "ExternalLibraries", "ExternalLibraries\ExternalLibraries.csproj", "{5C42595B-5BDD-40D7-B12C-15E46750A841}"
EndProject
Project("{FAE04EC0-301F-11D3-BF4B-00C04F79EFBC}") = "_Launcher", "_Launcher\_Launcher.csproj", "{A5DBA752-CCB0-4582-9DC8-53FA15866EF1}"
EndProject
Global
	GlobalSection(SolutionConfigurationPlatforms) = preSolution
		Debug|Any CPU = Debug|Any CPU
		Release|Any CPU = Release|Any CPU
	EndGlobalSection
	GlobalSection(ProjectConfigurationPlatforms) = postSolution
		{757AFF3D-6F57-47C8-8C2F-6D26983FFD83}.Debug|Any CPU.ActiveCfg = Debug|Any CPU
		{757AFF3D-6F57-47C8-8C2F-6D26983FFD83}.Debug|Any CPU.Build.0 = Debug|Any CPU
		{757AFF3D-6F57-47C8-8C2F-6D26983FFD83}.Release|Any CPU.ActiveCfg = Release|Any CPU
		{757AFF3D-6F57-47C8-8C2F-6D26983FFD83}.Release|Any CPU.Build.0 = Release|Any CPU
		{FBA4E030-292B-4D28-8E37-B98063D1D022}.Debug|Any CPU.ActiveCfg = Debug|Any CPU
		{FBA4E030-292B-4D28-8E37-B98063D1D022}.Debug|Any CPU.Build.0 = Debug|Any CPU
		{FBA4E030-292B-4D28-8E37-B98063D1D022}.Release|Any CPU.ActiveCfg = Release|Any CPU
		{FBA4E030-292B-4D28-8E37-B98063D1D022}.Release|Any CPU.Build.0 = Release|Any CPU
		{3D6ADFAE-6B75-4928-8F4A-93FD761A3CC8}.Debug|Any CPU.ActiveCfg = Debug|Any CPU
		{3D6ADFAE-6B75-4928-8F4A-93FD761A3CC8}.Debug|Any CPU.Build.0 = Debug|Any CPU
		{3D6ADFAE-6B75-4928-8F4A-93FD761A3CC8}.Release|Any CPU.ActiveCfg = Release|Any CPU
		{3D6ADFAE-6B75-4928-8F4A-93FD761A3CC8}.Release|Any CPU.Build.0 = Release|Any CPU
		{5C42595B-5BDD-40D7-B12C-15E46750A841}.Debug|Any CPU.ActiveCfg = Debug|Any CPU
		{5C42595B-5BDD-40D7-B12C-15E46750A841}.Debug|Any CPU.Build.0 = Debug|Any CPU
		{5C42595B-5BDD-40D7-B12C-15E46750A841}.Release|Any CPU.ActiveCfg = Release|Any CPU
		{5C42595B-5BDD-40D7-B12C-15E46750A841}.Release|Any CPU.Build.0 = Release|Any CPU
		{A5DBA752-CCB0-4582-9DC8-53FA15866EF1}.Debug|Any CPU.ActiveCfg = Debug|Any CPU
		{A5DBA752-CCB0-4582-9DC8-53FA15866EF1}.Debug|Any CPU.Build.0 = Debug|Any CPU
		{A5DBA752-CCB0-4582-9DC8-53FA15866EF1}.Release|Any CPU.ActiveCfg = Release|Any CPU
		{A5DBA752-CCB0-4582-9DC8-53FA15866EF1}.Release|Any CPU.Build.0 = Release|Any CPU
	EndGlobalSection
	GlobalSection(SolutionProperties) = preSolution
		HideSolutionNode = FALSE
	EndGlobalSection
	GlobalSection(ExtensibilityGlobals) = postSolution
		SolutionGuid = {2E5E45ED-6207-4393-9132-D8EF73C9CACB}
	EndGlobalSection
EndGlobal
